
Microsoft Visual Studio Solution File, Format Version 12.00
# Visual Studio Version 16
VisualStudioVersion = 16.0.29806.167
MinimumVisualStudioVersion = 10.0.40219.1
Project("{9A19103F-16F7-4668-BE54-9A1E7A4F7556}") = "Core.2019", "Core.2019.csproj", "{8606230E-7F63-439F-9226-7B79D874BA5A}"
EndProject
Project("{9A19103F-16F7-4668-BE54-9A1E7A4F7556}") = "6.0Study", "..\6.0Study\6.0Study.csproj", "{C34D6E85-AFAF-460F-8E23-1F8D5701A2B1}"
EndProject
Global
	GlobalSection(SolutionConfigurationPlatforms) = preSolution
		Debug|Any CPU = Debug|Any CPU
		Release|Any CPU = Release|Any CPU
	EndGlobalSection
	GlobalSection(ProjectConfigurationPlatforms) = postSolution
		{8606230E-7F63-439F-9226-7B79D874BA5A}.Debug|Any CPU.ActiveCfg = Debug|Any CPU
		{8606230E-7F63-439F-9226-7B79D874BA5A}.Debug|Any CPU.Build.0 = Debug|Any CPU
		{8606230E-7F63-439F-9226-7B79D874BA5A}.Release|Any CPU.ActiveCfg = Release|Any CPU
		{8606230E-7F63-439F-9226-7B79D874BA5A}.Release|Any CPU.Build.0 = Release|Any CPU
		{C34D6E85-AFAF-460F-8E23-1F8D5701A2B1}.Debug|Any CPU.ActiveCfg = Debug|Any CPU
		{C34D6E85-AFAF-460F-8E23-1F8D5701A2B1}.Debug|Any CPU.Build.0 = Debug|Any CPU
		{C34D6E85-AFAF-460F-8E23-1F8D5701A2B1}.Release|Any CPU.ActiveCfg = Release|Any CPU
		{C34D6E85-AFAF-460F-8E23-1F8D5701A2B1}.Release|Any CPU.Build.0 = Release|Any CPU
	EndGlobalSection
	GlobalSection(SolutionProperties) = preSolution
		HideSolutionNode = FALSE
	EndGlobalSection
	GlobalSection(ExtensibilityGlobals) = postSolution
		SolutionGuid = {2C84107E-102E-44FD-8C9B-897A78B7E2ED}
	EndGlobalSection
EndGlobal
